// !$*UTF8*$!
{
	archiveVersion = 1;
	classes = {
	};
	objectVersion = 46;
	objects = {

/* Begin PBXBuildFile section */
		9C429FF21EF67D3F0031E65C /* Extension_View.swift in Sources */ = {isa = PBXBuildFile; fileRef = 9C429FF11EF67D3F0031E65C /* Extension_View.swift */; };
		9C46B2D81F39AC0F00D76DBF /* Extension_Device.swift in Sources */ = {isa = PBXBuildFile; fileRef = 9C46B2D71F39AC0F00D76DBF /* Extension_Device.swift */; };
		9CB9C1B01EA9A09B00AE943B /* NewViewController.swift in Sources */ = {isa = PBXBuildFile; fileRef = 9CB9C1AF1EA9A09B00AE943B /* NewViewController.swift */; };
		9CFF82A01EA841D400D2D3DA /* AppDelegate.swift in Sources */ = {isa = PBXBuildFile; fileRef = 9CFF829F1EA841D400D2D3DA /* AppDelegate.swift */; };
		9CFF82A21EA841D400D2D3DA /* ViewController.swift in Sources */ = {isa = PBXBuildFile; fileRef = 9CFF82A11EA841D400D2D3DA /* ViewController.swift */; };
		9CFF82A51EA841D400D2D3DA /* Main.storyboard in Resources */ = {isa = PBXBuildFile; fileRef = 9CFF82A31EA841D400D2D3DA /* Main.storyboard */; };
		9CFF82A81EA841D400D2D3DA /* ToolBoxProject.xcdatamodeld in Sources */ = {isa = PBXBuildFile; fileRef = 9CFF82A61EA841D400D2D3DA /* ToolBoxProject.xcdatamodeld */; };
		9CFF82AA1EA841D400D2D3DA /* Assets.xcassets in Resources */ = {isa = PBXBuildFile; fileRef = 9CFF82A91EA841D400D2D3DA /* Assets.xcassets */; };
		9CFF82AD1EA841D400D2D3DA /* LaunchScreen.storyboard in Resources */ = {isa = PBXBuildFile; fileRef = 9CFF82AB1EA841D400D2D3DA /* LaunchScreen.storyboard */; };
		9CFF82B81EA841D400D2D3DA /* ToolBoxProjectTests.swift in Sources */ = {isa = PBXBuildFile; fileRef = 9CFF82B71EA841D400D2D3DA /* ToolBoxProjectTests.swift */; };
		9CFF82C31EA841D400D2D3DA /* ToolBoxProjectUITests.swift in Sources */ = {isa = PBXBuildFile; fileRef = 9CFF82C21EA841D400D2D3DA /* ToolBoxProjectUITests.swift */; };
		9CFF82EE1EA8425800D2D3DA /* Extension_Array.swift in Sources */ = {isa = PBXBuildFile; fileRef = 9CFF82D11EA8425800D2D3DA /* Extension_Array.swift */; };
		9CFF82EF1EA8425800D2D3DA /* Extension_CGRect.swift in Sources */ = {isa = PBXBuildFile; fileRef = 9CFF82D21EA8425800D2D3DA /* Extension_CGRect.swift */; };
		9CFF82F01EA8425800D2D3DA /* Extension_String.swift in Sources */ = {isa = PBXBuildFile; fileRef = 9CFF82D31EA8425800D2D3DA /* Extension_String.swift */; };
		9CFF82F11EA8425800D2D3DA /* Extension_UIColor.swift in Sources */ = {isa = PBXBuildFile; fileRef = 9CFF82D41EA8425800D2D3DA /* Extension_UIColor.swift */; };
		9CFF82F31EA8425800D2D3DA /* Json.swift in Sources */ = {isa = PBXBuildFile; fileRef = 9CFF82D71EA8425800D2D3DA /* Json.swift */; };
		9CFF82F41EA8425800D2D3DA /* Network.swift in Sources */ = {isa = PBXBuildFile; fileRef = 9CFF82D81EA8425800D2D3DA /* Network.swift */; };
		9CFF82F61EA8425800D2D3DA /* SessionDelegate.swift in Sources */ = {isa = PBXBuildFile; fileRef = 9CFF82DA1EA8425800D2D3DA /* SessionDelegate.swift */; };
		9CFF82F71EA8425900D2D3DA /* Socket.c in Sources */ = {isa = PBXBuildFile; fileRef = 9CFF82DB1EA8425800D2D3DA /* Socket.c */; };
		9CFF82F81EA8425900D2D3DA /* Socket.swift in Sources */ = {isa = PBXBuildFile; fileRef = 9CFF82DC1EA8425800D2D3DA /* Socket.swift */; };
		9CFF82F91EA8425900D2D3DA /* NotifierProtocol.swift in Sources */ = {isa = PBXBuildFile; fileRef = 9CFF82DE1EA8425800D2D3DA /* NotifierProtocol.swift */; };
		9CFF82FA1EA8425900D2D3DA /* QueueProtocol.swift in Sources */ = {isa = PBXBuildFile; fileRef = 9CFF82DF1EA8425800D2D3DA /* QueueProtocol.swift */; };
		9CFF82FC1EA8425900D2D3DA /* DiskManager.swift in Sources */ = {isa = PBXBuildFile; fileRef = 9CFF82E21EA8425800D2D3DA /* DiskManager.swift */; };
		9CFF82FD1EA8425900D2D3DA /* ToolBox.swift in Sources */ = {isa = PBXBuildFile; fileRef = 9CFF82E31EA8425800D2D3DA /* ToolBox.swift */; };
		9CFF82FE1EA8425900D2D3DA /* Alert.swift in Sources */ = {isa = PBXBuildFile; fileRef = 9CFF82E51EA8425800D2D3DA /* Alert.swift */; };
		9CFF82FF1EA8425900D2D3DA /* Button.swift in Sources */ = {isa = PBXBuildFile; fileRef = 9CFF82E61EA8425800D2D3DA /* Button.swift */; };
		9CFF83001EA8425900D2D3DA /* HintView.swift in Sources */ = {isa = PBXBuildFile; fileRef = 9CFF82E71EA8425800D2D3DA /* HintView.swift */; };
		9CFF83011EA8425900D2D3DA /* ImageView.swift in Sources */ = {isa = PBXBuildFile; fileRef = 9CFF82E81EA8425800D2D3DA /* ImageView.swift */; };
		9CFF83031EA8425900D2D3DA /* View.swift in Sources */ = {isa = PBXBuildFile; fileRef = 9CFF82EA1EA8425800D2D3DA /* View.swift */; };
		9CFF83041EA8425900D2D3DA /* Layouter.swift in Sources */ = {isa = PBXBuildFile; fileRef = 9CFF82EC1EA8425800D2D3DA /* Layouter.swift */; };
		9CFF83071EA844D200D2D3DA /* HintStatusBar.swift in Sources */ = {isa = PBXBuildFile; fileRef = 9CFF83061EA844D200D2D3DA /* HintStatusBar.swift */; };
/* End PBXBuildFile section */

/* Begin PBXContainerItemProxy section */
		9CFF82B41EA841D400D2D3DA /* PBXContainerItemProxy */ = {
			isa = PBXContainerItemProxy;
			containerPortal = 9CFF82941EA841D400D2D3DA /* Project object */;
			proxyType = 1;
			remoteGlobalIDString = 9CFF829B1EA841D400D2D3DA;
			remoteInfo = ToolBoxProject;
		};
		9CFF82BF1EA841D400D2D3DA /* PBXContainerItemProxy */ = {
			isa = PBXContainerItemProxy;
			containerPortal = 9CFF82941EA841D400D2D3DA /* Project object */;
			proxyType = 1;
			remoteGlobalIDString = 9CFF829B1EA841D400D2D3DA;
			remoteInfo = ToolBoxProject;
		};
/* End PBXContainerItemProxy section */

/* Begin PBXFileReference section */
		9C429FF11EF67D3F0031E65C /* Extension_View.swift */ = {isa = PBXFileReference; fileEncoding = 4; lastKnownFileType = sourcecode.swift; path = Extension_View.swift; sourceTree = "<group>"; };
		9C46B2D71F39AC0F00D76DBF /* Extension_Device.swift */ = {isa = PBXFileReference; fileEncoding = 4; lastKnownFileType = sourcecode.swift; path = Extension_Device.swift; sourceTree = "<group>"; };
		9CB9C1AF1EA9A09B00AE943B /* NewViewController.swift */ = {isa = PBXFileReference; fileEncoding = 4; lastKnownFileType = sourcecode.swift; path = NewViewController.swift; sourceTree = "<group>"; };
		9CFF829C1EA841D400D2D3DA /* ToolBoxProject.app */ = {isa = PBXFileReference; explicitFileType = wrapper.application; includeInIndex = 0; path = ToolBoxProject.app; sourceTree = BUILT_PRODUCTS_DIR; };
		9CFF829F1EA841D400D2D3DA /* AppDelegate.swift */ = {isa = PBXFileReference; lastKnownFileType = sourcecode.swift; path = AppDelegate.swift; sourceTree = "<group>"; };
		9CFF82A11EA841D400D2D3DA /* ViewController.swift */ = {isa = PBXFileReference; lastKnownFileType = sourcecode.swift; path = ViewController.swift; sourceTree = "<group>"; };
		9CFF82A41EA841D400D2D3DA /* Base */ = {isa = PBXFileReference; lastKnownFileType = file.storyboard; name = Base; path = Base.lproj/Main.storyboard; sourceTree = "<group>"; };
		9CFF82A71EA841D400D2D3DA /* ToolBoxProject.xcdatamodel */ = {isa = PBXFileReference; lastKnownFileType = wrapper.xcdatamodel; path = ToolBoxProject.xcdatamodel; sourceTree = "<group>"; };
		9CFF82A91EA841D400D2D3DA /* Assets.xcassets */ = {isa = PBXFileReference; lastKnownFileType = folder.assetcatalog; path = Assets.xcassets; sourceTree = "<group>"; };
		9CFF82AC1EA841D400D2D3DA /* Base */ = {isa = PBXFileReference; lastKnownFileType = file.storyboard; name = Base; path = Base.lproj/LaunchScreen.storyboard; sourceTree = "<group>"; };
		9CFF82AE1EA841D400D2D3DA /* Info.plist */ = {isa = PBXFileReference; lastKnownFileType = text.plist.xml; path = Info.plist; sourceTree = "<group>"; };
		9CFF82B31EA841D400D2D3DA /* ToolBoxProjectTests.xctest */ = {isa = PBXFileReference; explicitFileType = wrapper.cfbundle; includeInIndex = 0; path = ToolBoxProjectTests.xctest; sourceTree = BUILT_PRODUCTS_DIR; };
		9CFF82B71EA841D400D2D3DA /* ToolBoxProjectTests.swift */ = {isa = PBXFileReference; lastKnownFileType = sourcecode.swift; path = ToolBoxProjectTests.swift; sourceTree = "<group>"; };
		9CFF82B91EA841D400D2D3DA /* Info.plist */ = {isa = PBXFileReference; lastKnownFileType = text.plist.xml; path = Info.plist; sourceTree = "<group>"; };
		9CFF82BE1EA841D400D2D3DA /* ToolBoxProjectUITests.xctest */ = {isa = PBXFileReference; explicitFileType = wrapper.cfbundle; includeInIndex = 0; path = ToolBoxProjectUITests.xctest; sourceTree = BUILT_PRODUCTS_DIR; };
		9CFF82C21EA841D400D2D3DA /* ToolBoxProjectUITests.swift */ = {isa = PBXFileReference; lastKnownFileType = sourcecode.swift; path = ToolBoxProjectUITests.swift; sourceTree = "<group>"; };
		9CFF82C41EA841D400D2D3DA /* Info.plist */ = {isa = PBXFileReference; lastKnownFileType = text.plist.xml; path = Info.plist; sourceTree = "<group>"; };
		9CFF82D11EA8425800D2D3DA /* Extension_Array.swift */ = {isa = PBXFileReference; fileEncoding = 4; lastKnownFileType = sourcecode.swift; path = Extension_Array.swift; sourceTree = "<group>"; };
		9CFF82D21EA8425800D2D3DA /* Extension_CGRect.swift */ = {isa = PBXFileReference; fileEncoding = 4; lastKnownFileType = sourcecode.swift; path = Extension_CGRect.swift; sourceTree = "<group>"; };
		9CFF82D31EA8425800D2D3DA /* Extension_String.swift */ = {isa = PBXFileReference; fileEncoding = 4; lastKnownFileType = sourcecode.swift; path = Extension_String.swift; sourceTree = "<group>"; };
		9CFF82D41EA8425800D2D3DA /* Extension_UIColor.swift */ = {isa = PBXFileReference; fileEncoding = 4; lastKnownFileType = sourcecode.swift; path = Extension_UIColor.swift; sourceTree = "<group>"; };
		9CFF82D51EA8425800D2D3DA /* README.md */ = {isa = PBXFileReference; fileEncoding = 4; lastKnownFileType = net.daringfireball.markdown; path = README.md; sourceTree = "<group>"; };
		9CFF82D71EA8425800D2D3DA /* Json.swift */ = {isa = PBXFileReference; fileEncoding = 4; lastKnownFileType = sourcecode.swift; path = Json.swift; sourceTree = "<group>"; };
		9CFF82D81EA8425800D2D3DA /* Network.swift */ = {isa = PBXFileReference; fileEncoding = 4; lastKnownFileType = sourcecode.swift; path = Network.swift; sourceTree = "<group>"; };
		9CFF82D91EA8425800D2D3DA /* README.md */ = {isa = PBXFileReference; fileEncoding = 4; lastKnownFileType = net.daringfireball.markdown; path = README.md; sourceTree = "<group>"; };
		9CFF82DA1EA8425800D2D3DA /* SessionDelegate.swift */ = {isa = PBXFileReference; fileEncoding = 4; lastKnownFileType = sourcecode.swift; path = SessionDelegate.swift; sourceTree = "<group>"; };
		9CFF82DB1EA8425800D2D3DA /* Socket.c */ = {isa = PBXFileReference; fileEncoding = 4; lastKnownFileType = sourcecode.c.c; path = Socket.c; sourceTree = "<group>"; };
		9CFF82DC1EA8425800D2D3DA /* Socket.swift */ = {isa = PBXFileReference; fileEncoding = 4; lastKnownFileType = sourcecode.swift; path = Socket.swift; sourceTree = "<group>"; };
		9CFF82DE1EA8425800D2D3DA /* NotifierProtocol.swift */ = {isa = PBXFileReference; fileEncoding = 4; lastKnownFileType = sourcecode.swift; path = NotifierProtocol.swift; sourceTree = "<group>"; };
		9CFF82DF1EA8425800D2D3DA /* QueueProtocol.swift */ = {isa = PBXFileReference; fileEncoding = 4; lastKnownFileType = sourcecode.swift; path = QueueProtocol.swift; sourceTree = "<group>"; };
		9CFF82E01EA8425800D2D3DA /* README.md */ = {isa = PBXFileReference; fileEncoding = 4; lastKnownFileType = net.daringfireball.markdown; path = README.md; sourceTree = "<group>"; };
		9CFF82E21EA8425800D2D3DA /* DiskManager.swift */ = {isa = PBXFileReference; fileEncoding = 4; lastKnownFileType = sourcecode.swift; path = DiskManager.swift; sourceTree = "<group>"; };
		9CFF82E31EA8425800D2D3DA /* ToolBox.swift */ = {isa = PBXFileReference; fileEncoding = 4; lastKnownFileType = sourcecode.swift; path = ToolBox.swift; sourceTree = "<group>"; };
		9CFF82E51EA8425800D2D3DA /* Alert.swift */ = {isa = PBXFileReference; fileEncoding = 4; lastKnownFileType = sourcecode.swift; path = Alert.swift; sourceTree = "<group>"; };
		9CFF82E61EA8425800D2D3DA /* Button.swift */ = {isa = PBXFileReference; fileEncoding = 4; lastKnownFileType = sourcecode.swift; path = Button.swift; sourceTree = "<group>"; };
		9CFF82E71EA8425800D2D3DA /* HintView.swift */ = {isa = PBXFileReference; fileEncoding = 4; lastKnownFileType = sourcecode.swift; path = HintView.swift; sourceTree = "<group>"; };
		9CFF82E81EA8425800D2D3DA /* ImageView.swift */ = {isa = PBXFileReference; fileEncoding = 4; lastKnownFileType = sourcecode.swift; path = ImageView.swift; sourceTree = "<group>"; };
		9CFF82EA1EA8425800D2D3DA /* View.swift */ = {isa = PBXFileReference; fileEncoding = 4; lastKnownFileType = sourcecode.swift; path = View.swift; sourceTree = "<group>"; };
		9CFF82EC1EA8425800D2D3DA /* Layouter.swift */ = {isa = PBXFileReference; fileEncoding = 4; lastKnownFileType = sourcecode.swift; path = Layouter.swift; sourceTree = "<group>"; };
		9CFF82ED1EA8425800D2D3DA /* README.md */ = {isa = PBXFileReference; fileEncoding = 4; lastKnownFileType = net.daringfireball.markdown; path = README.md; sourceTree = "<group>"; };
		9CFF83061EA844D200D2D3DA /* HintStatusBar.swift */ = {isa = PBXFileReference; fileEncoding = 4; lastKnownFileType = sourcecode.swift; path = HintStatusBar.swift; sourceTree = "<group>"; };
/* End PBXFileReference section */

/* Begin PBXFrameworksBuildPhase section */
		9CFF82991EA841D400D2D3DA /* Frameworks */ = {
			isa = PBXFrameworksBuildPhase;
			buildActionMask = 2147483647;
			files = (
			);
			runOnlyForDeploymentPostprocessing = 0;
		};
		9CFF82B01EA841D400D2D3DA /* Frameworks */ = {
			isa = PBXFrameworksBuildPhase;
			buildActionMask = 2147483647;
			files = (
			);
			runOnlyForDeploymentPostprocessing = 0;
		};
		9CFF82BB1EA841D400D2D3DA /* Frameworks */ = {
			isa = PBXFrameworksBuildPhase;
			buildActionMask = 2147483647;
			files = (
			);
			runOnlyForDeploymentPostprocessing = 0;
		};
/* End PBXFrameworksBuildPhase section */

/* Begin PBXGroup section */
		9CFF82931EA841D400D2D3DA = {
			isa = PBXGroup;
			children = (
				9CFF829E1EA841D400D2D3DA /* ToolBoxProject */,
				9CFF82B61EA841D400D2D3DA /* ToolBoxProjectTests */,
				9CFF82C11EA841D400D2D3DA /* ToolBoxProjectUITests */,
				9CFF829D1EA841D400D2D3DA /* Products */,
			);
			sourceTree = "<group>";
		};
		9CFF829D1EA841D400D2D3DA /* Products */ = {
			isa = PBXGroup;
			children = (
				9CFF829C1EA841D400D2D3DA /* ToolBoxProject.app */,
				9CFF82B31EA841D400D2D3DA /* ToolBoxProjectTests.xctest */,
				9CFF82BE1EA841D400D2D3DA /* ToolBoxProjectUITests.xctest */,
			);
			name = Products;
			sourceTree = "<group>";
		};
		9CFF829E1EA841D400D2D3DA /* ToolBoxProject */ = {
			isa = PBXGroup;
			children = (
				9CFF829F1EA841D400D2D3DA /* AppDelegate.swift */,
				9CFF82A11EA841D400D2D3DA /* ViewController.swift */,
				9CB9C1AF1EA9A09B00AE943B /* NewViewController.swift */,
				9CFF82A31EA841D400D2D3DA /* Main.storyboard */,
				9CFF82A91EA841D400D2D3DA /* Assets.xcassets */,
				9CFF82AB1EA841D400D2D3DA /* LaunchScreen.storyboard */,
				9CFF82AE1EA841D400D2D3DA /* Info.plist */,
				9CFF82A61EA841D400D2D3DA /* ToolBoxProject.xcdatamodeld */,
				9CFF82D01EA8425800D2D3DA /* Extension */,
				9CFF82D61EA8425800D2D3DA /* Network */,
				9CFF82DD1EA8425800D2D3DA /* Protocols */,
				9CFF82E11EA8425800D2D3DA /* Tools */,
				9CFF82E41EA8425800D2D3DA /* UIKit */,
				9CFF82EB1EA8425800D2D3DA /* UITools */,
			);
			path = ToolBoxProject;
			sourceTree = "<group>";
		};
		9CFF82B61EA841D400D2D3DA /* ToolBoxProjectTests */ = {
			isa = PBXGroup;
			children = (
				9CFF82B71EA841D400D2D3DA /* ToolBoxProjectTests.swift */,
				9CFF82B91EA841D400D2D3DA /* Info.plist */,
			);
			path = ToolBoxProjectTests;
			sourceTree = "<group>";
		};
		9CFF82C11EA841D400D2D3DA /* ToolBoxProjectUITests */ = {
			isa = PBXGroup;
			children = (
				9CFF82C21EA841D400D2D3DA /* ToolBoxProjectUITests.swift */,
				9CFF82C41EA841D400D2D3DA /* Info.plist */,
			);
			path = ToolBoxProjectUITests;
			sourceTree = "<group>";
		};
		9CFF82D01EA8425800D2D3DA /* Extension */ = {
			isa = PBXGroup;
			children = (
				9CFF82D51EA8425800D2D3DA /* README.md */,
				9CFF82D11EA8425800D2D3DA /* Extension_Array.swift */,
				9CFF82D21EA8425800D2D3DA /* Extension_CGRect.swift */,
				9CFF82D31EA8425800D2D3DA /* Extension_String.swift */,
				9CFF82D41EA8425800D2D3DA /* Extension_UIColor.swift */,
				9C429FF11EF67D3F0031E65C /* Extension_View.swift */,
				9C46B2D71F39AC0F00D76DBF /* Extension_Device.swift */,
			);
			name = Extension;
			path = ../../Extension;
			sourceTree = "<group>";
		};
		9CFF82D61EA8425800D2D3DA /* Network */ = {
			isa = PBXGroup;
			children = (
				9CFF82D91EA8425800D2D3DA /* README.md */,
				9CFF82D71EA8425800D2D3DA /* Json.swift */,
				9CFF82D81EA8425800D2D3DA /* Network.swift */,
				9CFF82DA1EA8425800D2D3DA /* SessionDelegate.swift */,
				9CFF82DB1EA8425800D2D3DA /* Socket.c */,
				9CFF82DC1EA8425800D2D3DA /* Socket.swift */,
			);
			name = Network;
			path = ../../Network;
			sourceTree = "<group>";
		};
		9CFF82DD1EA8425800D2D3DA /* Protocols */ = {
			isa = PBXGroup;
			children = (
				9CFF82E01EA8425800D2D3DA /* README.md */,
				9CFF82DE1EA8425800D2D3DA /* NotifierProtocol.swift */,
				9CFF82DF1EA8425800D2D3DA /* QueueProtocol.swift */,
			);
			name = Protocols;
			path = ../../Protocols;
			sourceTree = "<group>";
		};
		9CFF82E11EA8425800D2D3DA /* Tools */ = {
			isa = PBXGroup;
			children = (
				9CFF82E21EA8425800D2D3DA /* DiskManager.swift */,
				9CFF82E31EA8425800D2D3DA /* ToolBox.swift */,
			);
			name = Tools;
			path = ../../Tools;
			sourceTree = "<group>";
		};
		9CFF82E41EA8425800D2D3DA /* UIKit */ = {
			isa = PBXGroup;
			children = (
				9CFF82E61EA8425800D2D3DA /* Button.swift */,
				9CFF82E81EA8425800D2D3DA /* ImageView.swift */,
				9CFF82EA1EA8425800D2D3DA /* View.swift */,
				9CFF82E51EA8425800D2D3DA /* Alert.swift */,
				9CFF82E71EA8425800D2D3DA /* HintView.swift */,
				9CFF83061EA844D200D2D3DA /* HintStatusBar.swift */,
			);
			name = UIKit;
			path = ../../UIKit;
			sourceTree = "<group>";
		};
		9CFF82EB1EA8425800D2D3DA /* UITools */ = {
			isa = PBXGroup;
			children = (
				9CFF82ED1EA8425800D2D3DA /* README.md */,
				9CFF82EC1EA8425800D2D3DA /* Layouter.swift */,
			);
			name = UITools;
			path = ../../UITools;
			sourceTree = "<group>";
		};
/* End PBXGroup section */

/* Begin PBXNativeTarget section */
		9CFF829B1EA841D400D2D3DA /* ToolBoxProject */ = {
			isa = PBXNativeTarget;
			buildConfigurationList = 9CFF82C71EA841D400D2D3DA /* Build configuration list for PBXNativeTarget "ToolBoxProject" */;
			buildPhases = (
				9CFF82981EA841D400D2D3DA /* Sources */,
				9CFF82991EA841D400D2D3DA /* Frameworks */,
				9CFF829A1EA841D400D2D3DA /* Resources */,
			);
			buildRules = (
			);
			dependencies = (
			);
			name = ToolBoxProject;
			productName = ToolBoxProject;
			productReference = 9CFF829C1EA841D400D2D3DA /* ToolBoxProject.app */;
			productType = "com.apple.product-type.application";
		};
		9CFF82B21EA841D400D2D3DA /* ToolBoxProjectTests */ = {
			isa = PBXNativeTarget;
			buildConfigurationList = 9CFF82CA1EA841D400D2D3DA /* Build configuration list for PBXNativeTarget "ToolBoxProjectTests" */;
			buildPhases = (
				9CFF82AF1EA841D400D2D3DA /* Sources */,
				9CFF82B01EA841D400D2D3DA /* Frameworks */,
				9CFF82B11EA841D400D2D3DA /* Resources */,
			);
			buildRules = (
			);
			dependencies = (
				9CFF82B51EA841D400D2D3DA /* PBXTargetDependency */,
			);
			name = ToolBoxProjectTests;
			productName = ToolBoxProjectTests;
			productReference = 9CFF82B31EA841D400D2D3DA /* ToolBoxProjectTests.xctest */;
			productType = "com.apple.product-type.bundle.unit-test";
		};
		9CFF82BD1EA841D400D2D3DA /* ToolBoxProjectUITests */ = {
			isa = PBXNativeTarget;
			buildConfigurationList = 9CFF82CD1EA841D400D2D3DA /* Build configuration list for PBXNativeTarget "ToolBoxProjectUITests" */;
			buildPhases = (
				9CFF82BA1EA841D400D2D3DA /* Sources */,
				9CFF82BB1EA841D400D2D3DA /* Frameworks */,
				9CFF82BC1EA841D400D2D3DA /* Resources */,
			);
			buildRules = (
			);
			dependencies = (
				9CFF82C01EA841D400D2D3DA /* PBXTargetDependency */,
			);
			name = ToolBoxProjectUITests;
			productName = ToolBoxProjectUITests;
			productReference = 9CFF82BE1EA841D400D2D3DA /* ToolBoxProjectUITests.xctest */;
			productType = "com.apple.product-type.bundle.ui-testing";
		};
/* End PBXNativeTarget section */

/* Begin PBXProject section */
		9CFF82941EA841D400D2D3DA /* Project object */ = {
			isa = PBXProject;
			attributes = {
				LastSwiftUpdateCheck = 0830;
				LastUpgradeCheck = 0830;
				ORGANIZATIONNAME = Myron;
				TargetAttributes = {
					9CFF829B1EA841D400D2D3DA = {
						CreatedOnToolsVersion = 8.3.1;
						DevelopmentTeam = 9X2EVZ736U;
						ProvisioningStyle = Automatic;
					};
					9CFF82B21EA841D400D2D3DA = {
						CreatedOnToolsVersion = 8.3.1;
						DevelopmentTeam = 9X2EVZ736U;
						ProvisioningStyle = Automatic;
						TestTargetID = 9CFF829B1EA841D400D2D3DA;
					};
					9CFF82BD1EA841D400D2D3DA = {
						CreatedOnToolsVersion = 8.3.1;
						DevelopmentTeam = 9X2EVZ736U;
						ProvisioningStyle = Automatic;
						TestTargetID = 9CFF829B1EA841D400D2D3DA;
					};
				};
			};
			buildConfigurationList = 9CFF82971EA841D400D2D3DA /* Build configuration list for PBXProject "ToolBoxProject" */;
			compatibilityVersion = "Xcode 3.2";
			developmentRegion = English;
			hasScannedForEncodings = 0;
			knownRegions = (
				en,
				Base,
			);
			mainGroup = 9CFF82931EA841D400D2D3DA;
			productRefGroup = 9CFF829D1EA841D400D2D3DA /* Products */;
			projectDirPath = "";
			projectRoot = "";
			targets = (
				9CFF829B1EA841D400D2D3DA /* ToolBoxProject */,
				9CFF82B21EA841D400D2D3DA /* ToolBoxProjectTests */,
				9CFF82BD1EA841D400D2D3DA /* ToolBoxProjectUITests */,
			);
		};
/* End PBXProject section */

/* Begin PBXResourcesBuildPhase section */
		9CFF829A1EA841D400D2D3DA /* Resources */ = {
			isa = PBXResourcesBuildPhase;
			buildActionMask = 2147483647;
			files = (
				9CFF82AD1EA841D400D2D3DA /* LaunchScreen.storyboard in Resources */,
				9CFF82AA1EA841D400D2D3DA /* Assets.xcassets in Resources */,
				9CFF82A51EA841D400D2D3DA /* Main.storyboard in Resources */,
			);
			runOnlyForDeploymentPostprocessing = 0;
		};
		9CFF82B11EA841D400D2D3DA /* Resources */ = {
			isa = PBXResourcesBuildPhase;
			buildActionMask = 2147483647;
			files = (
			);
			runOnlyForDeploymentPostprocessing = 0;
		};
		9CFF82BC1EA841D400D2D3DA /* Resources */ = {
			isa = PBXResourcesBuildPhase;
			buildActionMask = 2147483647;
			files = (
			);
			runOnlyForDeploymentPostprocessing = 0;
		};
/* End PBXResourcesBuildPhase section */

/* Begin PBXSourcesBuildPhase section */
		9CFF82981EA841D400D2D3DA /* Sources */ = {
			isa = PBXSourcesBuildPhase;
			buildActionMask = 2147483647;
			files = (
				9CFF82FC1EA8425900D2D3DA /* DiskManager.swift in Sources */,
				9CFF82F41EA8425800D2D3DA /* Network.swift in Sources */,
				9CFF82FD1EA8425900D2D3DA /* ToolBox.swift in Sources */,
				9CFF82F91EA8425900D2D3DA /* NotifierProtocol.swift in Sources */,
				9CFF82F31EA8425800D2D3DA /* Json.swift in Sources */,
				9CFF82A21EA841D400D2D3DA /* ViewController.swift in Sources */,
				9C429FF21EF67D3F0031E65C /* Extension_View.swift in Sources */,
				9CFF82F61EA8425800D2D3DA /* SessionDelegate.swift in Sources */,
				9CB9C1B01EA9A09B00AE943B /* NewViewController.swift in Sources */,
				9CFF83001EA8425900D2D3DA /* HintView.swift in Sources */,
				9CFF82FF1EA8425900D2D3DA /* Button.swift in Sources */,
				9CFF82FA1EA8425900D2D3DA /* QueueProtocol.swift in Sources */,
				9CFF82A01EA841D400D2D3DA /* AppDelegate.swift in Sources */,
				9CFF82F01EA8425800D2D3DA /* Extension_String.swift in Sources */,
				9CFF83011EA8425900D2D3DA /* ImageView.swift in Sources */,
				9CFF82EF1EA8425800D2D3DA /* Extension_CGRect.swift in Sources */,
				9CFF82F11EA8425800D2D3DA /* Extension_UIColor.swift in Sources */,
				9CFF83041EA8425900D2D3DA /* Layouter.swift in Sources */,
				9CFF82F81EA8425900D2D3DA /* Socket.swift in Sources */,
				9CFF83071EA844D200D2D3DA /* HintStatusBar.swift in Sources */,
				9CFF82A81EA841D400D2D3DA /* ToolBoxProject.xcdatamodeld in Sources */,
				9CFF82EE1EA8425800D2D3DA /* Extension_Array.swift in Sources */,
				9CFF83031EA8425900D2D3DA /* View.swift in Sources */,
				9C46B2D81F39AC0F00D76DBF /* Extension_Device.swift in Sources */,
				9CFF82FE1EA8425900D2D3DA /* Alert.swift in Sources */,
				9CFF82F71EA8425900D2D3DA /* Socket.c in Sources */,
			);
			runOnlyForDeploymentPostprocessing = 0;
		};
		9CFF82AF1EA841D400D2D3DA /* Sources */ = {
			isa = PBXSourcesBuildPhase;
			buildActionMask = 2147483647;
			files = (
				9CFF82B81EA841D400D2D3DA /* ToolBoxProjectTests.swift in Sources */,
			);
			runOnlyForDeploymentPostprocessing = 0;
		};
		9CFF82BA1EA841D400D2D3DA /* Sources */ = {
			isa = PBXSourcesBuildPhase;
			buildActionMask = 2147483647;
			files = (
				9CFF82C31EA841D400D2D3DA /* ToolBoxProjectUITests.swift in Sources */,
			);
			runOnlyForDeploymentPostprocessing = 0;
		};
/* End PBXSourcesBuildPhase section */

/* Begin PBXTargetDependency section */
		9CFF82B51EA841D400D2D3DA /* PBXTargetDependency */ = {
			isa = PBXTargetDependency;
			target = 9CFF829B1EA841D400D2D3DA /* ToolBoxProject */;
			targetProxy = 9CFF82B41EA841D400D2D3DA /* PBXContainerItemProxy */;
		};
		9CFF82C01EA841D400D2D3DA /* PBXTargetDependency */ = {
			isa = PBXTargetDependency;
			target = 9CFF829B1EA841D400D2D3DA /* ToolBoxProject */;
			targetProxy = 9CFF82BF1EA841D400D2D3DA /* PBXContainerItemProxy */;
		};
/* End PBXTargetDependency section */

/* Begin PBXVariantGroup section */
		9CFF82A31EA841D400D2D3DA /* Main.storyboard */ = {
			isa = PBXVariantGroup;
			children = (
				9CFF82A41EA841D400D2D3DA /* Base */,
			);
			name = Main.storyboard;
			sourceTree = "<group>";
		};
		9CFF82AB1EA841D400D2D3DA /* LaunchScreen.storyboard */ = {
			isa = PBXVariantGroup;
			children = (
				9CFF82AC1EA841D400D2D3DA /* Base */,
			);
			name = LaunchScreen.storyboard;
			sourceTree = "<group>";
		};
/* End PBXVariantGroup section */

/* Begin XCBuildConfiguration section */
		9CFF82C51EA841D400D2D3DA /* Debug */ = {
			isa = XCBuildConfiguration;
			buildSettings = {
				ALWAYS_SEARCH_USER_PATHS = NO;
				CLANG_ANALYZER_NONNULL = YES;
				CLANG_ANALYZER_NUMBER_OBJECT_CONVERSION = YES_AGGRESSIVE;
				CLANG_CXX_LANGUAGE_STANDARD = "gnu++0x";
				CLANG_CXX_LIBRARY = "libc++";
				CLANG_ENABLE_MODULES = YES;
				CLANG_ENABLE_OBJC_ARC = YES;
				CLANG_WARN_BOOL_CONVERSION = YES;
				CLANG_WARN_CONSTANT_CONVERSION = YES;
				CLANG_WARN_DIRECT_OBJC_ISA_USAGE = YES_ERROR;
				CLANG_WARN_DOCUMENTATION_COMMENTS = YES;
				CLANG_WARN_EMPTY_BODY = YES;
				CLANG_WARN_ENUM_CONVERSION = YES;
				CLANG_WARN_INFINITE_RECURSION = YES;
				CLANG_WARN_INT_CONVERSION = YES;
				CLANG_WARN_OBJC_ROOT_CLASS = YES_ERROR;
				CLANG_WARN_SUSPICIOUS_MOVE = YES;
				CLANG_WARN_UNREACHABLE_CODE = YES;
				CLANG_WARN__DUPLICATE_METHOD_MATCH = YES;
				"CODE_SIGN_IDENTITY[sdk=iphoneos*]" = "iPhone Developer";
				COPY_PHASE_STRIP = NO;
				DEBUG_INFORMATION_FORMAT = dwarf;
				ENABLE_STRICT_OBJC_MSGSEND = YES;
				ENABLE_TESTABILITY = YES;
				GCC_C_LANGUAGE_STANDARD = gnu99;
				GCC_DYNAMIC_NO_PIC = NO;
				GCC_NO_COMMON_BLOCKS = YES;
				GCC_OPTIMIZATION_LEVEL = 0;
				GCC_PREPROCESSOR_DEFINITIONS = (
					"DEBUG=1",
					"$(inherited)",
				);
				GCC_WARN_64_TO_32_BIT_CONVERSION = YES;
				GCC_WARN_ABOUT_RETURN_TYPE = YES_ERROR;
				GCC_WARN_UNDECLARED_SELECTOR = YES;
				GCC_WARN_UNINITIALIZED_AUTOS = YES_AGGRESSIVE;
				GCC_WARN_UNUSED_FUNCTION = YES;
				GCC_WARN_UNUSED_VARIABLE = YES;
				IPHONEOS_DEPLOYMENT_TARGET = 10.3;
				MTL_ENABLE_DEBUG_INFO = YES;
				ONLY_ACTIVE_ARCH = YES;
				SDKROOT = iphoneos;
				SWIFT_ACTIVE_COMPILATION_CONDITIONS = DEBUG;
				SWIFT_OPTIMIZATION_LEVEL = "-Onone";
				TARGETED_DEVICE_FAMILY = "1,2";
			};
			name = Debug;
		};
		9CFF82C61EA841D400D2D3DA /* Release */ = {
			isa = XCBuildConfiguration;
			buildSettings = {
				ALWAYS_SEARCH_USER_PATHS = NO;
				CLANG_ANALYZER_NONNULL = YES;
				CLANG_ANALYZER_NUMBER_OBJECT_CONVERSION = YES_AGGRESSIVE;
				CLANG_CXX_LANGUAGE_STANDARD = "gnu++0x";
				CLANG_CXX_LIBRARY = "libc++";
				CLANG_ENABLE_MODULES = YES;
				CLANG_ENABLE_OBJC_ARC = YES;
				CLANG_WARN_BOOL_CONVERSION = YES;
				CLANG_WARN_CONSTANT_CONVERSION = YES;
				CLANG_WARN_DIRECT_OBJC_ISA_USAGE = YES_ERROR;
				CLANG_WARN_DOCUMENTATION_COMMENTS = YES;
				CLANG_WARN_EMPTY_BODY = YES;
				CLANG_WARN_ENUM_CONVERSION = YES;
				CLANG_WARN_INFINITE_RECURSION = YES;
				CLANG_WARN_INT_CONVERSION = YES;
				CLANG_WARN_OBJC_ROOT_CLASS = YES_ERROR;
				CLANG_WARN_SUSPICIOUS_MOVE = YES;
				CLANG_WARN_UNREACHABLE_CODE = YES;
				CLANG_WARN__DUPLICATE_METHOD_MATCH = YES;
				"CODE_SIGN_IDENTITY[sdk=iphoneos*]" = "iPhone Developer";
				COPY_PHASE_STRIP = NO;
				DEBUG_INFORMATION_FORMAT = "dwarf-with-dsym";
				ENABLE_NS_ASSERTIONS = NO;
				ENABLE_STRICT_OBJC_MSGSEND = YES;
				GCC_C_LANGUAGE_STANDARD = gnu99;
				GCC_NO_COMMON_BLOCKS = YES;
				GCC_WARN_64_TO_32_BIT_CONVERSION = YES;
				GCC_WARN_ABOUT_RETURN_TYPE = YES_ERROR;
				GCC_WARN_UNDECLARED_SELECTOR = YES;
				GCC_WARN_UNINITIALIZED_AUTOS = YES_AGGRESSIVE;
				GCC_WARN_UNUSED_FUNCTION = YES;
				GCC_WARN_UNUSED_VARIABLE = YES;
				IPHONEOS_DEPLOYMENT_TARGET = 10.3;
				MTL_ENABLE_DEBUG_INFO = NO;
				SDKROOT = iphoneos;
				SWIFT_OPTIMIZATION_LEVEL = "-Owholemodule";
				TARGETED_DEVICE_FAMILY = "1,2";
				VALIDATE_PRODUCT = YES;
			};
			name = Release;
		};
		9CFF82C81EA841D400D2D3DA /* Debug */ = {
			isa = XCBuildConfiguration;
			buildSettings = {
				ASSETCATALOG_COMPILER_APPICON_NAME = AppIcon;
				DEVELOPMENT_TEAM = 9X2EVZ736U;
				INFOPLIST_FILE = ToolBoxProject/Info.plist;
				LD_RUNPATH_SEARCH_PATHS = "$(inherited) @executable_path/Frameworks";
				PRODUCT_BUNDLE_IDENTIFIER = myron.ToolBoxProject;
				PRODUCT_NAME = "$(TARGET_NAME)";
				SWIFT_VERSION = 3.0;
			};
			name = Debug;
		};
		9CFF82C91EA841D400D2D3DA /* Release */ = {
			isa = XCBuildConfiguration;
			buildSettings = {
				ASSETCATALOG_COMPILER_APPICON_NAME = AppIcon;
				DEVELOPMENT_TEAM = 9X2EVZ736U;
				INFOPLIST_FILE = ToolBoxProject/Info.plist;
				LD_RUNPATH_SEARCH_PATHS = "$(inherited) @executable_path/Frameworks";
				PRODUCT_BUNDLE_IDENTIFIER = myron.ToolBoxProject;
				PRODUCT_NAME = "$(TARGET_NAME)";
				SWIFT_VERSION = 3.0;
			};
			name = Release;
		};
		9CFF82CB1EA841D400D2D3DA /* Debug */ = {
			isa = XCBuildConfiguration;
			buildSettings = {
				ALWAYS_EMBED_SWIFT_STANDARD_LIBRARIES = YES;
				BUNDLE_LOADER = "$(TEST_HOST)";
				DEVELOPMENT_TEAM = 9X2EVZ736U;
				INFOPLIST_FILE = ToolBoxProjectTests/Info.plist;
				LD_RUNPATH_SEARCH_PATHS = "$(inherited) @executable_path/Frameworks @loader_path/Frameworks";
				PRODUCT_BUNDLE_IDENTIFIER = myron.ToolBoxProjectTests;
				PRODUCT_NAME = "$(TARGET_NAME)";
				SWIFT_VERSION = 3.0;
				TEST_HOST = "$(BUILT_PRODUCTS_DIR)/ToolBoxProject.app/ToolBoxProject";
			};
			name = Debug;
		};
		9CFF82CC1EA841D400D2D3DA /* Release */ = {
			isa = XCBuildConfiguration;
			buildSettings = {
				ALWAYS_EMBED_SWIFT_STANDARD_LIBRARIES = YES;
				BUNDLE_LOADER = "$(TEST_HOST)";
				DEVELOPMENT_TEAM = 9X2EVZ736U;
				INFOPLIST_FILE = ToolBoxProjectTests/Info.plist;
				LD_RUNPATH_SEARCH_PATHS = "$(inherited) @executable_path/Frameworks @loader_path/Frameworks";
				PRODUCT_BUNDLE_IDENTIFIER = myron.ToolBoxProjectTests;
				PRODUCT_NAME = "$(TARGET_NAME)";
				SWIFT_VERSION = 3.0;
				TEST_HOST = "$(BUILT_PRODUCTS_DIR)/ToolBoxProject.app/ToolBoxProject";
			};
			name = Release;
		};
		9CFF82CE1EA841D400D2D3DA /* Debug */ = {
			isa = XCBuildConfiguration;
			buildSettings = {
				ALWAYS_EMBED_SWIFT_STANDARD_LIBRARIES = YES;
				DEVELOPMENT_TEAM = 9X2EVZ736U;
				INFOPLIST_FILE = ToolBoxProjectUITests/Info.plist;
				LD_RUNPATH_SEARCH_PATHS = "$(inherited) @executable_path/Frameworks @loader_path/Frameworks";
				PRODUCT_BUNDLE_IDENTIFIER = myron.ToolBoxProjectUITests;
				PRODUCT_NAME = "$(TARGET_NAME)";
				SWIFT_VERSION = 3.0;
				TEST_TARGET_NAME = ToolBoxProject;
			};
			name = Debug;
		};
		9CFF82CF1EA841D400D2D3DA /* Release */ = {
			isa = XCBuildConfiguration;
			buildSettings = {
				ALWAYS_EMBED_SWIFT_STANDARD_LIBRARIES = YES;
				DEVELOPMENT_TEAM = 9X2EVZ736U;
				INFOPLIST_FILE = ToolBoxProjectUITests/Info.plist;
				LD_RUNPATH_SEARCH_PATHS = "$(inherited) @executable_path/Frameworks @loader_path/Frameworks";
				PRODUCT_BUNDLE_IDENTIFIER = myron.ToolBoxProjectUITests;
				PRODUCT_NAME = "$(TARGET_NAME)";
				SWIFT_VERSION = 3.0;
				TEST_TARGET_NAME = ToolBoxProject;
			};
			name = Release;
		};
/* End XCBuildConfiguration section */

/* Begin XCConfigurationList section */
		9CFF82971EA841D400D2D3DA /* Build configuration list for PBXProject "ToolBoxProject" */ = {
			isa = XCConfigurationList;
			buildConfigurations = (
				9CFF82C51EA841D400D2D3DA /* Debug */,
				9CFF82C61EA841D400D2D3DA /* Release */,
			);
			defaultConfigurationIsVisible = 0;
			defaultConfigurationName = Release;
		};
		9CFF82C71EA841D400D2D3DA /* Build configuration list for PBXNativeTarget "ToolBoxProject" */ = {
			isa = XCConfigurationList;
			buildConfigurations = (
				9CFF82C81EA841D400D2D3DA /* Debug */,
				9CFF82C91EA841D400D2D3DA /* Release */,
			);
			defaultConfigurationIsVisible = 0;
			defaultConfigurationName = Release;
		};
		9CFF82CA1EA841D400D2D3DA /* Build configuration list for PBXNativeTarget "ToolBoxProjectTests" */ = {
			isa = XCConfigurationList;
			buildConfigurations = (
				9CFF82CB1EA841D400D2D3DA /* Debug */,
				9CFF82CC1EA841D400D2D3DA /* Release */,
			);
			defaultConfigurationIsVisible = 0;
			defaultConfigurationName = Release;
		};
		9CFF82CD1EA841D400D2D3DA /* Build configuration list for PBXNativeTarget "ToolBoxProjectUITests" */ = {
			isa = XCConfigurationList;
			buildConfigurations = (
				9CFF82CE1EA841D400D2D3DA /* Debug */,
				9CFF82CF1EA841D400D2D3DA /* Release */,
			);
			defaultConfigurationIsVisible = 0;
			defaultConfigurationName = Release;
		};
/* End XCConfigurationList section */

/* Begin XCVersionGroup section */
		9CFF82A61EA841D400D2D3DA /* ToolBoxProject.xcdatamodeld */ = {
			isa = XCVersionGroup;
			children = (
				9CFF82A71EA841D400D2D3DA /* ToolBoxProject.xcdatamodel */,
			);
			currentVersion = 9CFF82A71EA841D400D2D3DA /* ToolBoxProject.xcdatamodel */;
			path = ToolBoxProject.xcdatamodeld;
			sourceTree = "<group>";
			versionGroupType = wrapper.xcdatamodel;
		};
/* End XCVersionGroup section */
	};
	rootObject = 9CFF82941EA841D400D2D3DA /* Project object */;
}
